
Microsoft Visual Studio Solution File, Format Version 12.00
# Visual Studio 15
VisualStudioVersion = 15.0.28307.902
MinimumVisualStudioVersion = 10.0.40219.1
Project("{9A19103F-16F7-4668-BE54-9A1E7A4F7556}") = "DataCleaningLib", "DataCleaningLib\DataCleaningLib.csproj", "{FDEF62D3-228F-45EF-81FB-F3A1AA25610F}"
EndProject
Project("{FAE04EC0-301F-11D3-BF4B-00C04F79EFBC}") = "DataCleaningConsole", "DataCleaningConsole\DataCleaningConsole.csproj", "{5916AB53-B15E-48F4-82ED-B63085A60DBB}"
	ProjectSection(ProjectDependencies) = postProject
		{FDEF62D3-228F-45EF-81FB-F3A1AA25610F} = {FDEF62D3-228F-45EF-81FB-F3A1AA25610F}
	EndProjectSection
EndProject
Global
	GlobalSection(SolutionConfigurationPlatforms) = preSolution
		Debug|Any CPU = Debug|Any CPU
		Release|Any CPU = Release|Any CPU
	EndGlobalSection
	GlobalSection(ProjectConfigurationPlatforms) = postSolution
		{FDEF62D3-228F-45EF-81FB-F3A1AA25610F}.Debug|Any CPU.ActiveCfg = Debug|Any CPU
		{FDEF62D3-228F-45EF-81FB-F3A1AA25610F}.Debug|Any CPU.Build.0 = Debug|Any CPU
		{FDEF62D3-228F-45EF-81FB-F3A1AA25610F}.Release|Any CPU.ActiveCfg = Release|Any CPU
		{FDEF62D3-228F-45EF-81FB-F3A1AA25610F}.Release|Any CPU.Build.0 = Release|Any CPU
		{5916AB53-B15E-48F4-82ED-B63085A60DBB}.Debug|Any CPU.ActiveCfg = Debug|Any CPU
		{5916AB53-B15E-48F4-82ED-B63085A60DBB}.Debug|Any CPU.Build.0 = Debug|Any CPU
		{5916AB53-B15E-48F4-82ED-B63085A60DBB}.Release|Any CPU.ActiveCfg = Release|Any CPU
		{5916AB53-B15E-48F4-82ED-B63085A60DBB}.Release|Any CPU.Build.0 = Release|Any CPU
	EndGlobalSection
	GlobalSection(SolutionProperties) = preSolution
		HideSolutionNode = FALSE
	EndGlobalSection
	GlobalSection(ExtensibilityGlobals) = postSolution
		SolutionGuid = {4F6047CA-D064-48FE-9B4E-C212DAB30FED}
	EndGlobalSection
EndGlobal
